
Microsoft Visual Studio Solution File, Format Version 12.00
# Visual Studio Version 16
VisualStudioVersion = 16.0.29509.3
MinimumVisualStudioVersion = 10.0.40219.1
Project("{FAE04EC0-301F-11D3-BF4B-00C04F79EFBC}") = "test", "test\test.csproj", "{1D11C68B-D9E8-4C54-A9ED-4DFCB74B0978}"
EndProject
Global
	GlobalSection(SolutionConfigurationPlatforms) = preSolution
		Debug|Any CPU = Debug|Any CPU
		Release|Any CPU = Release|Any CPU
	EndGlobalSection
	GlobalSection(ProjectConfigurationPlatforms) = postSolution
		{1D11C68B-D9E8-4C54-A9ED-4DFCB74B0978}.Debug|Any CPU.ActiveCfg = Debug|Any CPU
		{1D11C68B-D9E8-4C54-A9ED-4DFCB74B0978}.Debug|Any CPU.Build.0 = Debug|Any CPU
		{1D11C68B-D9E8-4C54-A9ED-4DFCB74B0978}.Release|Any CPU.ActiveCfg = Release|Any CPU
		{1D11C68B-D9E8-4C54-A9ED-4DFCB74B0978}.Release|Any CPU.Build.0 = Release|Any CPU
	EndGlobalSection
	GlobalSection(SolutionProperties) = preSolution
		HideSolutionNode = FALSE
	EndGlobalSection
	GlobalSection(ExtensibilityGlobals) = postSolution
		SolutionGuid = {33CA9FEF-4600-47D6-AE53-A4AC51B139B7}
	EndGlobalSection
EndGlobal
